// !$*UTF8*$!
{
	archiveVersion = 1;
	classes = {
	};
	objectVersion = 50;
	objects = {

/* Begin PBXBuildFile section */
		1B0A5C34267E921E00B88C92 /* DailyFXFetchEngine.framework in Frameworks */ = {isa = PBXBuildFile; fileRef = 1B0A5C2A267E921E00B88C92 /* DailyFXFetchEngine.framework */; };
		1B0A5C64267E9AA700B88C92 /* Article.swift in Sources */ = {isa = PBXBuildFile; fileRef = 1B0A5C63267E9AA700B88C92 /* Article.swift */; };
		1B0A5C68267E9AD000B88C92 /* Market.swift in Sources */ = {isa = PBXBuildFile; fileRef = 1B0A5C67267E9AD000B88C92 /* Market.swift */; };
		1B0A5C6C267E9AEE00B88C92 /* Author.swift in Sources */ = {isa = PBXBuildFile; fileRef = 1B0A5C6B267E9AEE00B88C92 /* Author.swift */; };
		1B0A5C71267E9F2C00B88C92 /* LoadArticlesFeedFromRemoteUseCaseTests.swift in Sources */ = {isa = PBXBuildFile; fileRef = 1B0A5C70267E9F2C00B88C92 /* LoadArticlesFeedFromRemoteUseCaseTests.swift */; };
		1B0A5C91267F620400B88C92 /* XCTestCase+MemoryLeakTracking.swift in Sources */ = {isa = PBXBuildFile; fileRef = 1B0A5C90267F620400B88C92 /* XCTestCase+MemoryLeakTracking.swift */; };
		1B0A5C98267F629600B88C92 /* ArticlesLoader.swift in Sources */ = {isa = PBXBuildFile; fileRef = 1B0A5C97267F629600B88C92 /* ArticlesLoader.swift */; };
		1B0A5CA0267F630400B88C92 /* MarketsLoader.swift in Sources */ = {isa = PBXBuildFile; fileRef = 1B0A5C9F267F630400B88C92 /* MarketsLoader.swift */; };
		1B0A5CA5267F636500B88C92 /* Int+Date.swift in Sources */ = {isa = PBXBuildFile; fileRef = 1B0A5CA4267F636500B88C92 /* Int+Date.swift */; };
		1B0A5CAA267F63BB00B88C92 /* RemoteArticlesLoader.swift in Sources */ = {isa = PBXBuildFile; fileRef = 1B0A5CA9267F63BB00B88C92 /* RemoteArticlesLoader.swift */; };
		1B0A5CB0267F63F100B88C92 /* HTTPClient.swift in Sources */ = {isa = PBXBuildFile; fileRef = 1B0A5CAF267F63F100B88C92 /* HTTPClient.swift */; };
		1B0A5CB4267F641800B88C92 /* ArticlesMapper.swift in Sources */ = {isa = PBXBuildFile; fileRef = 1B0A5CB3267F641800B88C92 /* ArticlesMapper.swift */; };
		1B0A5CBB267F644000B88C92 /* RemoteArticle.swift in Sources */ = {isa = PBXBuildFile; fileRef = 1B0A5CBA267F644000B88C92 /* RemoteArticle.swift */; };
		1B0A5CC1267F645600B88C92 /* RemoteAuthor.swift in Sources */ = {isa = PBXBuildFile; fileRef = 1B0A5CC0267F645600B88C92 /* RemoteAuthor.swift */; };
		1B0A5CC5267F648800B88C92 /* HTTPURLResponse+StatusCode.swift in Sources */ = {isa = PBXBuildFile; fileRef = 1B0A5CC4267F648800B88C92 /* HTTPURLResponse+StatusCode.swift */; };
		1B0A5CC9267F650300B88C92 /* HTTPClientSpy.swift in Sources */ = {isa = PBXBuildFile; fileRef = 1B0A5CC8267F650300B88C92 /* HTTPClientSpy.swift */; };
		1B0A5CCF267FA0DA00B88C92 /* URLSessionHTTPClientTests.swift in Sources */ = {isa = PBXBuildFile; fileRef = 1B0A5CCE267FA0DA00B88C92 /* URLSessionHTTPClientTests.swift */; };
		1B0A5CD3267FA12400B88C92 /* URLProtocolStub.swift in Sources */ = {isa = PBXBuildFile; fileRef = 1B0A5CD2267FA12400B88C92 /* URLProtocolStub.swift */; };
		1B0A5CD9267FA5BC00B88C92 /* SharedTestHelpers.swift in Sources */ = {isa = PBXBuildFile; fileRef = 1B0A5CD8267FA5BC00B88C92 /* SharedTestHelpers.swift */; };
		1B0A5CE0267FA65100B88C92 /* URLSessionHTTPClient.swift in Sources */ = {isa = PBXBuildFile; fileRef = 1B0A5CDF267FA65100B88C92 /* URLSessionHTTPClient.swift */; };
		1B0A5CE6267FA7F800B88C92 /* ImageDataLoader.swift in Sources */ = {isa = PBXBuildFile; fileRef = 1B0A5CE5267FA7F800B88C92 /* ImageDataLoader.swift */; };
		1B0A5CEA267FADC000B88C92 /* LoadImageDataFromRemoteUseCaseTests.swift in Sources */ = {isa = PBXBuildFile; fileRef = 1B0A5CE9267FADC000B88C92 /* LoadImageDataFromRemoteUseCaseTests.swift */; };
		1B0A5CEE267FB33300B88C92 /* RemoteImageDataLoader.swift in Sources */ = {isa = PBXBuildFile; fileRef = 1B0A5CED267FB33300B88C92 /* RemoteImageDataLoader.swift */; };
/* End PBXBuildFile section */

/* Begin PBXContainerItemProxy section */
		1B0A5C35267E921E00B88C92 /* PBXContainerItemProxy */ = {
			isa = PBXContainerItemProxy;
			containerPortal = 1B0A5C21267E921E00B88C92 /* Project object */;
			proxyType = 1;
			remoteGlobalIDString = 1B0A5C29267E921E00B88C92;
			remoteInfo = DailyFXFetchEngine;
		};
/* End PBXContainerItemProxy section */

/* Begin PBXFileReference section */
		1B0A5C2A267E921E00B88C92 /* DailyFXFetchEngine.framework */ = {isa = PBXFileReference; explicitFileType = wrapper.framework; includeInIndex = 0; path = DailyFXFetchEngine.framework; sourceTree = BUILT_PRODUCTS_DIR; };
		1B0A5C2E267E921E00B88C92 /* Info.plist */ = {isa = PBXFileReference; lastKnownFileType = text.plist.xml; path = Info.plist; sourceTree = "<group>"; };
		1B0A5C33267E921E00B88C92 /* DailyFXFetchEngineTests.xctest */ = {isa = PBXFileReference; explicitFileType = wrapper.cfbundle; includeInIndex = 0; path = DailyFXFetchEngineTests.xctest; sourceTree = BUILT_PRODUCTS_DIR; };
		1B0A5C3A267E921E00B88C92 /* Info.plist */ = {isa = PBXFileReference; lastKnownFileType = text.plist.xml; path = Info.plist; sourceTree = "<group>"; };
		1B0A5C63267E9AA700B88C92 /* Article.swift */ = {isa = PBXFileReference; lastKnownFileType = sourcecode.swift; path = Article.swift; sourceTree = "<group>"; };
		1B0A5C67267E9AD000B88C92 /* Market.swift */ = {isa = PBXFileReference; lastKnownFileType = sourcecode.swift; path = Market.swift; sourceTree = "<group>"; };
		1B0A5C6B267E9AEE00B88C92 /* Author.swift */ = {isa = PBXFileReference; lastKnownFileType = sourcecode.swift; path = Author.swift; sourceTree = "<group>"; };
		1B0A5C70267E9F2C00B88C92 /* LoadArticlesFeedFromRemoteUseCaseTests.swift */ = {isa = PBXFileReference; lastKnownFileType = sourcecode.swift; path = LoadArticlesFeedFromRemoteUseCaseTests.swift; sourceTree = "<group>"; };
		1B0A5C90267F620400B88C92 /* XCTestCase+MemoryLeakTracking.swift */ = {isa = PBXFileReference; lastKnownFileType = sourcecode.swift; path = "XCTestCase+MemoryLeakTracking.swift"; sourceTree = "<group>"; };
		1B0A5C97267F629600B88C92 /* ArticlesLoader.swift */ = {isa = PBXFileReference; lastKnownFileType = sourcecode.swift; path = ArticlesLoader.swift; sourceTree = "<group>"; };
		1B0A5C9F267F630400B88C92 /* MarketsLoader.swift */ = {isa = PBXFileReference; lastKnownFileType = sourcecode.swift; path = MarketsLoader.swift; sourceTree = "<group>"; };
		1B0A5CA4267F636500B88C92 /* Int+Date.swift */ = {isa = PBXFileReference; lastKnownFileType = sourcecode.swift; path = "Int+Date.swift"; sourceTree = "<group>"; };
		1B0A5CA9267F63BB00B88C92 /* RemoteArticlesLoader.swift */ = {isa = PBXFileReference; lastKnownFileType = sourcecode.swift; path = RemoteArticlesLoader.swift; sourceTree = "<group>"; };
		1B0A5CAF267F63F100B88C92 /* HTTPClient.swift */ = {isa = PBXFileReference; lastKnownFileType = sourcecode.swift; path = HTTPClient.swift; sourceTree = "<group>"; };
		1B0A5CB3267F641800B88C92 /* ArticlesMapper.swift */ = {isa = PBXFileReference; lastKnownFileType = sourcecode.swift; path = ArticlesMapper.swift; sourceTree = "<group>"; };
		1B0A5CBA267F644000B88C92 /* RemoteArticle.swift */ = {isa = PBXFileReference; lastKnownFileType = sourcecode.swift; path = RemoteArticle.swift; sourceTree = "<group>"; };
		1B0A5CC0267F645600B88C92 /* RemoteAuthor.swift */ = {isa = PBXFileReference; lastKnownFileType = sourcecode.swift; path = RemoteAuthor.swift; sourceTree = "<group>"; };
		1B0A5CC4267F648800B88C92 /* HTTPURLResponse+StatusCode.swift */ = {isa = PBXFileReference; lastKnownFileType = sourcecode.swift; path = "HTTPURLResponse+StatusCode.swift"; sourceTree = "<group>"; };
		1B0A5CC8267F650300B88C92 /* HTTPClientSpy.swift */ = {isa = PBXFileReference; lastKnownFileType = sourcecode.swift; path = HTTPClientSpy.swift; sourceTree = "<group>"; };
		1B0A5CCE267FA0DA00B88C92 /* URLSessionHTTPClientTests.swift */ = {isa = PBXFileReference; lastKnownFileType = sourcecode.swift; path = URLSessionHTTPClientTests.swift; sourceTree = "<group>"; };
		1B0A5CD2267FA12400B88C92 /* URLProtocolStub.swift */ = {isa = PBXFileReference; lastKnownFileType = sourcecode.swift; path = URLProtocolStub.swift; sourceTree = "<group>"; };
		1B0A5CD8267FA5BC00B88C92 /* SharedTestHelpers.swift */ = {isa = PBXFileReference; lastKnownFileType = sourcecode.swift; path = SharedTestHelpers.swift; sourceTree = "<group>"; };
		1B0A5CDF267FA65100B88C92 /* URLSessionHTTPClient.swift */ = {isa = PBXFileReference; lastKnownFileType = sourcecode.swift; path = URLSessionHTTPClient.swift; sourceTree = "<group>"; };
		1B0A5CE5267FA7F800B88C92 /* ImageDataLoader.swift */ = {isa = PBXFileReference; lastKnownFileType = sourcecode.swift; path = ImageDataLoader.swift; sourceTree = "<group>"; };
		1B0A5CE9267FADC000B88C92 /* LoadImageDataFromRemoteUseCaseTests.swift */ = {isa = PBXFileReference; lastKnownFileType = sourcecode.swift; path = LoadImageDataFromRemoteUseCaseTests.swift; sourceTree = "<group>"; };
		1B0A5CED267FB33300B88C92 /* RemoteImageDataLoader.swift */ = {isa = PBXFileReference; lastKnownFileType = sourcecode.swift; path = RemoteImageDataLoader.swift; sourceTree = "<group>"; };
/* End PBXFileReference section */

/* Begin PBXFrameworksBuildPhase section */
		1B0A5C27267E921E00B88C92 /* Frameworks */ = {
			isa = PBXFrameworksBuildPhase;
			buildActionMask = 2147483647;
			files = (
			);
			runOnlyForDeploymentPostprocessing = 0;
		};
		1B0A5C30267E921E00B88C92 /* Frameworks */ = {
			isa = PBXFrameworksBuildPhase;
			buildActionMask = 2147483647;
			files = (
				1B0A5C34267E921E00B88C92 /* DailyFXFetchEngine.framework in Frameworks */,
			);
			runOnlyForDeploymentPostprocessing = 0;
		};
/* End PBXFrameworksBuildPhase section */

/* Begin PBXGroup section */
		1B0A5C20267E921E00B88C92 = {
			isa = PBXGroup;
			children = (
				1B0A5C2C267E921E00B88C92 /* DailyFXFetchEngine */,
				1B0A5C37267E921E00B88C92 /* DailyFXFetchEngineTests */,
				1B0A5C2B267E921E00B88C92 /* Products */,
			);
			sourceTree = "<group>";
		};
		1B0A5C2B267E921E00B88C92 /* Products */ = {
			isa = PBXGroup;
			children = (
				1B0A5C2A267E921E00B88C92 /* DailyFXFetchEngine.framework */,
				1B0A5C33267E921E00B88C92 /* DailyFXFetchEngineTests.xctest */,
			);
			name = Products;
			sourceTree = "<group>";
		};
		1B0A5C2C267E921E00B88C92 /* DailyFXFetchEngine */ = {
			isa = PBXGroup;
			children = (
				1B0A5CA3267F635300B88C92 /* Helpers */,
				1B0A5C56267E98C300B88C92 /* Models */,
				1B0A5C96267F628100B88C92 /* Business Rules */,
				1B0A5CA8267F63A600B88C92 /* DailyFX API */,
				1B0A5C2E267E921E00B88C92 /* Info.plist */,
			);
			path = DailyFXFetchEngine;
			sourceTree = "<group>";
		};
		1B0A5C37267E921E00B88C92 /* DailyFXFetchEngineTests */ = {
			isa = PBXGroup;
			children = (
				1B0A5C8F267F61DD00B88C92 /* Helpers */,
				1B0A5C6F267E9CBB00B88C92 /* DailyFX API */,
				1B0A5C3A267E921E00B88C92 /* Info.plist */,
			);
			path = DailyFXFetchEngineTests;
			sourceTree = "<group>";
		};
		1B0A5C56267E98C300B88C92 /* Models */ = {
			isa = PBXGroup;
			children = (
				1B0A5C63267E9AA700B88C92 /* Article.swift */,
				1B0A5C6B267E9AEE00B88C92 /* Author.swift */,
				1B0A5C67267E9AD000B88C92 /* Market.swift */,
			);
			path = Models;
			sourceTree = "<group>";
		};
		1B0A5C6F267E9CBB00B88C92 /* DailyFX API */ = {
			isa = PBXGroup;
			children = (
				1B0A5CDC267FA5FE00B88C92 /* Helpers */,
				1B0A5C70267E9F2C00B88C92 /* LoadArticlesFeedFromRemoteUseCaseTests.swift */,
				1B0A5CCE267FA0DA00B88C92 /* URLSessionHTTPClientTests.swift */,
				1B0A5CE9267FADC000B88C92 /* LoadImageDataFromRemoteUseCaseTests.swift */,
			);
			path = "DailyFX API";
			sourceTree = "<group>";
		};
		1B0A5C8F267F61DD00B88C92 /* Helpers */ = {
			isa = PBXGroup;
			children = (
				1B0A5C90267F620400B88C92 /* XCTestCase+MemoryLeakTracking.swift */,
				1B0A5CD8267FA5BC00B88C92 /* SharedTestHelpers.swift */,
			);
			path = Helpers;
			sourceTree = "<group>";
		};
		1B0A5C96267F628100B88C92 /* Business Rules */ = {
			isa = PBXGroup;
			children = (
				1B0A5C97267F629600B88C92 /* ArticlesLoader.swift */,
				1B0A5C9F267F630400B88C92 /* MarketsLoader.swift */,
				1B0A5CE5267FA7F800B88C92 /* ImageDataLoader.swift */,
			);
			path = "Business Rules";
			sourceTree = "<group>";
		};
		1B0A5CA3267F635300B88C92 /* Helpers */ = {
			isa = PBXGroup;
			children = (
				1B0A5CA4267F636500B88C92 /* Int+Date.swift */,
				1B0A5CC4267F648800B88C92 /* HTTPURLResponse+StatusCode.swift */,
			);
			path = Helpers;
			sourceTree = "<group>";
		};
		1B0A5CA8267F63A600B88C92 /* DailyFX API */ = {
			isa = PBXGroup;
			children = (
				1B0A5CF9267FB4CE00B88C92 /* Articles API */,
				1B0A5CED267FB33300B88C92 /* RemoteImageDataLoader.swift */,
				1B0A5CAF267F63F100B88C92 /* HTTPClient.swift */,
				1B0A5CDF267FA65100B88C92 /* URLSessionHTTPClient.swift */,
			);
			path = "DailyFX API";
			sourceTree = "<group>";
		};
		1B0A5CB9267F643000B88C92 /* DTOs */ = {
			isa = PBXGroup;
			children = (
				1B0A5CBA267F644000B88C92 /* RemoteArticle.swift */,
				1B0A5CC0267F645600B88C92 /* RemoteAuthor.swift */,
			);
			path = DTOs;
			sourceTree = "<group>";
		};
		1B0A5CDC267FA5FE00B88C92 /* Helpers */ = {
			isa = PBXGroup;
			children = (
				1B0A5CC8267F650300B88C92 /* HTTPClientSpy.swift */,
				1B0A5CD2267FA12400B88C92 /* URLProtocolStub.swift */,
			);
			path = Helpers;
			sourceTree = "<group>";
		};
		1B0A5CF9267FB4CE00B88C92 /* Articles API */ = {
			isa = PBXGroup;
			children = (
				1B0A5CB9267F643000B88C92 /* DTOs */,
				1B0A5CA9267F63BB00B88C92 /* RemoteArticlesLoader.swift */,
				1B0A5CB3267F641800B88C92 /* ArticlesMapper.swift */,
			);
			path = "Articles API";
			sourceTree = "<group>";
		};
/* End PBXGroup section */

/* Begin PBXHeadersBuildPhase section */
		1B0A5C25267E921E00B88C92 /* Headers */ = {
			isa = PBXHeadersBuildPhase;
			buildActionMask = 2147483647;
			files = (
			);
			runOnlyForDeploymentPostprocessing = 0;
		};
/* End PBXHeadersBuildPhase section */

/* Begin PBXNativeTarget section */
		1B0A5C29267E921E00B88C92 /* DailyFXFetchEngine */ = {
			isa = PBXNativeTarget;
			buildConfigurationList = 1B0A5C3E267E921E00B88C92 /* Build configuration list for PBXNativeTarget "DailyFXFetchEngine" */;
			buildPhases = (
				1B0A5C25267E921E00B88C92 /* Headers */,
				1B0A5C26267E921E00B88C92 /* Sources */,
				1B0A5C27267E921E00B88C92 /* Frameworks */,
				1B0A5C28267E921E00B88C92 /* Resources */,
			);
			buildRules = (
			);
			dependencies = (
			);
			name = DailyFXFetchEngine;
			productName = DailyFXFetchEngine;
			productReference = 1B0A5C2A267E921E00B88C92 /* DailyFXFetchEngine.framework */;
			productType = "com.apple.product-type.framework";
		};
		1B0A5C32267E921E00B88C92 /* DailyFXFetchEngineTests */ = {
			isa = PBXNativeTarget;
			buildConfigurationList = 1B0A5C41267E921E00B88C92 /* Build configuration list for PBXNativeTarget "DailyFXFetchEngineTests" */;
			buildPhases = (
				1B0A5C2F267E921E00B88C92 /* Sources */,
				1B0A5C30267E921E00B88C92 /* Frameworks */,
				1B0A5C31267E921E00B88C92 /* Resources */,
			);
			buildRules = (
			);
			dependencies = (
				1B0A5C36267E921E00B88C92 /* PBXTargetDependency */,
			);
			name = DailyFXFetchEngineTests;
			productName = DailyFXFetchEngineTests;
			productReference = 1B0A5C33267E921E00B88C92 /* DailyFXFetchEngineTests.xctest */;
			productType = "com.apple.product-type.bundle.unit-test";
		};
/* End PBXNativeTarget section */

/* Begin PBXProject section */
		1B0A5C21267E921E00B88C92 /* Project object */ = {
			isa = PBXProject;
			attributes = {
				LastSwiftUpdateCheck = 1240;
				LastUpgradeCheck = 1240;
				TargetAttributes = {
					1B0A5C29267E921E00B88C92 = {
						CreatedOnToolsVersion = 12.4;
						LastSwiftMigration = 1240;
					};
					1B0A5C32267E921E00B88C92 = {
						CreatedOnToolsVersion = 12.4;
						LastSwiftMigration = 1240;
					};
				};
			};
			buildConfigurationList = 1B0A5C24267E921E00B88C92 /* Build configuration list for PBXProject "DailyFXFetchEngine" */;
			compatibilityVersion = "Xcode 9.3";
			developmentRegion = en;
			hasScannedForEncodings = 0;
			knownRegions = (
				en,
				Base,
			);
			mainGroup = 1B0A5C20267E921E00B88C92;
			productRefGroup = 1B0A5C2B267E921E00B88C92 /* Products */;
			projectDirPath = "";
			projectRoot = "";
			targets = (
				1B0A5C29267E921E00B88C92 /* DailyFXFetchEngine */,
				1B0A5C32267E921E00B88C92 /* DailyFXFetchEngineTests */,
			);
		};
/* End PBXProject section */

/* Begin PBXResourcesBuildPhase section */
		1B0A5C28267E921E00B88C92 /* Resources */ = {
			isa = PBXResourcesBuildPhase;
			buildActionMask = 2147483647;
			files = (
			);
			runOnlyForDeploymentPostprocessing = 0;
		};
		1B0A5C31267E921E00B88C92 /* Resources */ = {
			isa = PBXResourcesBuildPhase;
			buildActionMask = 2147483647;
			files = (
			);
			runOnlyForDeploymentPostprocessing = 0;
		};
/* End PBXResourcesBuildPhase section */

/* Begin PBXSourcesBuildPhase section */
		1B0A5C26267E921E00B88C92 /* Sources */ = {
			isa = PBXSourcesBuildPhase;
			buildActionMask = 2147483647;
			files = (
				1B0A5C6C267E9AEE00B88C92 /* Author.swift in Sources */,
				1B0A5CC1267F645600B88C92 /* RemoteAuthor.swift in Sources */,
				1B0A5CE0267FA65100B88C92 /* URLSessionHTTPClient.swift in Sources */,
				1B0A5CB4267F641800B88C92 /* ArticlesMapper.swift in Sources */,
				1B0A5CE6267FA7F800B88C92 /* ImageDataLoader.swift in Sources */,
				1B0A5CBB267F644000B88C92 /* RemoteArticle.swift in Sources */,
				1B0A5C98267F629600B88C92 /* ArticlesLoader.swift in Sources */,
				1B0A5CA0267F630400B88C92 /* MarketsLoader.swift in Sources */,
				1B0A5CB0267F63F100B88C92 /* HTTPClient.swift in Sources */,
				1B0A5C64267E9AA700B88C92 /* Article.swift in Sources */,
				1B0A5CAA267F63BB00B88C92 /* RemoteArticlesLoader.swift in Sources */,
				1B0A5CEE267FB33300B88C92 /* RemoteImageDataLoader.swift in Sources */,
				1B0A5C68267E9AD000B88C92 /* Market.swift in Sources */,
				1B0A5CC5267F648800B88C92 /* HTTPURLResponse+StatusCode.swift in Sources */,
				1B0A5CA5267F636500B88C92 /* Int+Date.swift in Sources */,
			);
			runOnlyForDeploymentPostprocessing = 0;
		};
		1B0A5C2F267E921E00B88C92 /* Sources */ = {
			isa = PBXSourcesBuildPhase;
			buildActionMask = 2147483647;
			files = (
				1B0A5CCF267FA0DA00B88C92 /* URLSessionHTTPClientTests.swift in Sources */,
				1B0A5C71267E9F2C00B88C92 /* LoadArticlesFeedFromRemoteUseCaseTests.swift in Sources */,
				1B0A5CD9267FA5BC00B88C92 /* SharedTestHelpers.swift in Sources */,
				1B0A5CC9267F650300B88C92 /* HTTPClientSpy.swift in Sources */,
				1B0A5CEA267FADC000B88C92 /* LoadImageDataFromRemoteUseCaseTests.swift in Sources */,
				1B0A5C91267F620400B88C92 /* XCTestCase+MemoryLeakTracking.swift in Sources */,
				1B0A5CD3267FA12400B88C92 /* URLProtocolStub.swift in Sources */,
			);
			runOnlyForDeploymentPostprocessing = 0;
		};
/* End PBXSourcesBuildPhase section */

/* Begin PBXTargetDependency section */
		1B0A5C36267E921E00B88C92 /* PBXTargetDependency */ = {
			isa = PBXTargetDependency;
			target = 1B0A5C29267E921E00B88C92 /* DailyFXFetchEngine */;
			targetProxy = 1B0A5C35267E921E00B88C92 /* PBXContainerItemProxy */;
		};
/* End PBXTargetDependency section */

/* Begin XCBuildConfiguration section */
		1B0A5C3C267E921E00B88C92 /* Debug */ = {
			isa = XCBuildConfiguration;
			buildSettings = {
				ALWAYS_SEARCH_USER_PATHS = NO;
				CLANG_ANALYZER_NONNULL = YES;
				CLANG_ANALYZER_NUMBER_OBJECT_CONVERSION = YES_AGGRESSIVE;
				CLANG_CXX_LANGUAGE_STANDARD = "gnu++14";
				CLANG_CXX_LIBRARY = "libc++";
				CLANG_ENABLE_MODULES = YES;
				CLANG_ENABLE_OBJC_ARC = YES;
				CLANG_ENABLE_OBJC_WEAK = YES;
				CLANG_WARN_BLOCK_CAPTURE_AUTORELEASING = YES;
				CLANG_WARN_BOOL_CONVERSION = YES;
				CLANG_WARN_COMMA = YES;
				CLANG_WARN_CONSTANT_CONVERSION = YES;
				CLANG_WARN_DEPRECATED_OBJC_IMPLEMENTATIONS = YES;
				CLANG_WARN_DIRECT_OBJC_ISA_USAGE = YES_ERROR;
				CLANG_WARN_DOCUMENTATION_COMMENTS = YES;
				CLANG_WARN_EMPTY_BODY = YES;
				CLANG_WARN_ENUM_CONVERSION = YES;
				CLANG_WARN_INFINITE_RECURSION = YES;
				CLANG_WARN_INT_CONVERSION = YES;
				CLANG_WARN_NON_LITERAL_NULL_CONVERSION = YES;
				CLANG_WARN_OBJC_IMPLICIT_RETAIN_SELF = YES;
				CLANG_WARN_OBJC_LITERAL_CONVERSION = YES;
				CLANG_WARN_OBJC_ROOT_CLASS = YES_ERROR;
				CLANG_WARN_QUOTED_INCLUDE_IN_FRAMEWORK_HEADER = YES;
				CLANG_WARN_RANGE_LOOP_ANALYSIS = YES;
				CLANG_WARN_STRICT_PROTOTYPES = YES;
				CLANG_WARN_SUSPICIOUS_MOVE = YES;
				CLANG_WARN_UNGUARDED_AVAILABILITY = YES_AGGRESSIVE;
				CLANG_WARN_UNREACHABLE_CODE = YES;
				CLANG_WARN__DUPLICATE_METHOD_MATCH = YES;
				COPY_PHASE_STRIP = NO;
				CURRENT_PROJECT_VERSION = 1;
				DEBUG_INFORMATION_FORMAT = dwarf;
				ENABLE_STRICT_OBJC_MSGSEND = YES;
				ENABLE_TESTABILITY = YES;
				GCC_C_LANGUAGE_STANDARD = gnu11;
				GCC_DYNAMIC_NO_PIC = NO;
				GCC_NO_COMMON_BLOCKS = YES;
				GCC_OPTIMIZATION_LEVEL = 0;
				GCC_PREPROCESSOR_DEFINITIONS = (
					"DEBUG=1",
					"$(inherited)",
				);
				GCC_WARN_64_TO_32_BIT_CONVERSION = YES;
				GCC_WARN_ABOUT_RETURN_TYPE = YES_ERROR;
				GCC_WARN_UNDECLARED_SELECTOR = YES;
				GCC_WARN_UNINITIALIZED_AUTOS = YES_AGGRESSIVE;
				GCC_WARN_UNUSED_FUNCTION = YES;
				GCC_WARN_UNUSED_VARIABLE = YES;
				IPHONEOS_DEPLOYMENT_TARGET = 14.4;
				MACOSX_DEPLOYMENT_TARGET = 10.15;
				MTL_ENABLE_DEBUG_INFO = INCLUDE_SOURCE;
				MTL_FAST_MATH = YES;
				ONLY_ACTIVE_ARCH = YES;
				SDKROOT = macosx;
				SWIFT_ACTIVE_COMPILATION_CONDITIONS = DEBUG;
				SWIFT_OPTIMIZATION_LEVEL = "-Onone";
				VERSIONING_SYSTEM = "apple-generic";
				VERSION_INFO_PREFIX = "";
			};
			name = Debug;
		};
		1B0A5C3D267E921E00B88C92 /* Release */ = {
			isa = XCBuildConfiguration;
			buildSettings = {
				ALWAYS_SEARCH_USER_PATHS = NO;
				CLANG_ANALYZER_NONNULL = YES;
				CLANG_ANALYZER_NUMBER_OBJECT_CONVERSION = YES_AGGRESSIVE;
				CLANG_CXX_LANGUAGE_STANDARD = "gnu++14";
				CLANG_CXX_LIBRARY = "libc++";
				CLANG_ENABLE_MODULES = YES;
				CLANG_ENABLE_OBJC_ARC = YES;
				CLANG_ENABLE_OBJC_WEAK = YES;
				CLANG_WARN_BLOCK_CAPTURE_AUTORELEASING = YES;
				CLANG_WARN_BOOL_CONVERSION = YES;
				CLANG_WARN_COMMA = YES;
				CLANG_WARN_CONSTANT_CONVERSION = YES;
				CLANG_WARN_DEPRECATED_OBJC_IMPLEMENTATIONS = YES;
				CLANG_WARN_DIRECT_OBJC_ISA_USAGE = YES_ERROR;
				CLANG_WARN_DOCUMENTATION_COMMENTS = YES;
				CLANG_WARN_EMPTY_BODY = YES;
				CLANG_WARN_ENUM_CONVERSION = YES;
				CLANG_WARN_INFINITE_RECURSION = YES;
				CLANG_WARN_INT_CONVERSION = YES;
				CLANG_WARN_NON_LITERAL_NULL_CONVERSION = YES;
				CLANG_WARN_OBJC_IMPLICIT_RETAIN_SELF = YES;
				CLANG_WARN_OBJC_LITERAL_CONVERSION = YES;
				CLANG_WARN_OBJC_ROOT_CLASS = YES_ERROR;
				CLANG_WARN_QUOTED_INCLUDE_IN_FRAMEWORK_HEADER = YES;
				CLANG_WARN_RANGE_LOOP_ANALYSIS = YES;
				CLANG_WARN_STRICT_PROTOTYPES = YES;
				CLANG_WARN_SUSPICIOUS_MOVE = YES;
				CLANG_WARN_UNGUARDED_AVAILABILITY = YES_AGGRESSIVE;
				CLANG_WARN_UNREACHABLE_CODE = YES;
				CLANG_WARN__DUPLICATE_METHOD_MATCH = YES;
				COPY_PHASE_STRIP = NO;
				CURRENT_PROJECT_VERSION = 1;
				DEBUG_INFORMATION_FORMAT = "dwarf-with-dsym";
				ENABLE_NS_ASSERTIONS = NO;
				ENABLE_STRICT_OBJC_MSGSEND = YES;
				GCC_C_LANGUAGE_STANDARD = gnu11;
				GCC_NO_COMMON_BLOCKS = YES;
				GCC_WARN_64_TO_32_BIT_CONVERSION = YES;
				GCC_WARN_ABOUT_RETURN_TYPE = YES_ERROR;
				GCC_WARN_UNDECLARED_SELECTOR = YES;
				GCC_WARN_UNINITIALIZED_AUTOS = YES_AGGRESSIVE;
				GCC_WARN_UNUSED_FUNCTION = YES;
				GCC_WARN_UNUSED_VARIABLE = YES;
				IPHONEOS_DEPLOYMENT_TARGET = 14.4;
				MACOSX_DEPLOYMENT_TARGET = 10.15;
				MTL_ENABLE_DEBUG_INFO = NO;
				MTL_FAST_MATH = YES;
				SDKROOT = macosx;
				SWIFT_COMPILATION_MODE = wholemodule;
				SWIFT_OPTIMIZATION_LEVEL = "-O";
				VALIDATE_PRODUCT = YES;
				VERSIONING_SYSTEM = "apple-generic";
				VERSION_INFO_PREFIX = "";
			};
			name = Release;
		};
		1B0A5C3F267E921E00B88C92 /* Debug */ = {
			isa = XCBuildConfiguration;
			buildSettings = {
				CLANG_ENABLE_MODULES = YES;
				CODE_SIGN_STYLE = Automatic;
				DEFINES_MODULE = YES;
				DEVELOPMENT_TEAM = ZXQJ5A6QWW;
				DYLIB_COMPATIBILITY_VERSION = 1;
				DYLIB_CURRENT_VERSION = 1;
				DYLIB_INSTALL_NAME_BASE = "@rpath";
				INFOPLIST_FILE = DailyFXFetchEngine/Info.plist;
				INSTALL_PATH = "$(LOCAL_LIBRARY_DIR)/Frameworks";
				"IPHONEOS_DEPLOYMENT_TARGET[sdk=macosx*]" = 14.4;
				LD_RUNPATH_SEARCH_PATHS = (
					"$(inherited)",
					"@executable_path/Frameworks",
					"@loader_path/Frameworks",
				);
				PRODUCT_BUNDLE_IDENTIFIER = com.stormwright.DailyFXFetchEngine;
				PRODUCT_NAME = "$(TARGET_NAME:c99extidentifier)";
				SKIP_INSTALL = YES;
				SUPPORTED_PLATFORMS = "macosx iphoneos iphonesimulator";
				SUPPORTS_MACCATALYST = YES;
				SWIFT_OPTIMIZATION_LEVEL = "-Onone";
				SWIFT_VERSION = 5.0;
				TARGETED_DEVICE_FAMILY = "1,2";
			};
			name = Debug;
		};
		1B0A5C40267E921E00B88C92 /* Release */ = {
			isa = XCBuildConfiguration;
			buildSettings = {
				CLANG_ENABLE_MODULES = YES;
				CODE_SIGN_STYLE = Automatic;
				DEFINES_MODULE = YES;
				DEVELOPMENT_TEAM = ZXQJ5A6QWW;
				DYLIB_COMPATIBILITY_VERSION = 1;
				DYLIB_CURRENT_VERSION = 1;
				DYLIB_INSTALL_NAME_BASE = "@rpath";
				INFOPLIST_FILE = DailyFXFetchEngine/Info.plist;
				INSTALL_PATH = "$(LOCAL_LIBRARY_DIR)/Frameworks";
				"IPHONEOS_DEPLOYMENT_TARGET[sdk=macosx*]" = 14.4;
				LD_RUNPATH_SEARCH_PATHS = (
					"$(inherited)",
					"@executable_path/Frameworks",
					"@loader_path/Frameworks",
				);
				PRODUCT_BUNDLE_IDENTIFIER = com.stormwright.DailyFXFetchEngine;
				PRODUCT_NAME = "$(TARGET_NAME:c99extidentifier)";
				SKIP_INSTALL = YES;
				SUPPORTED_PLATFORMS = "macosx iphoneos iphonesimulator";
				SUPPORTS_MACCATALYST = YES;
				SWIFT_VERSION = 5.0;
				TARGETED_DEVICE_FAMILY = "1,2";
			};
			name = Release;
		};
		1B0A5C42267E921E00B88C92 /* Debug */ = {
			isa = XCBuildConfiguration;
			buildSettings = {
				ALWAYS_EMBED_SWIFT_STANDARD_LIBRARIES = YES;
				CLANG_ENABLE_MODULES = YES;
				CODE_SIGN_STYLE = Automatic;
				DEVELOPMENT_TEAM = ZXQJ5A6QWW;
				INFOPLIST_FILE = DailyFXFetchEngineTests/Info.plist;
				LD_RUNPATH_SEARCH_PATHS = (
					"$(inherited)",
					"@executable_path/Frameworks",
					"@loader_path/Frameworks",
				);
				MACOSX_DEPLOYMENT_TARGET = 10.15;
				PRODUCT_BUNDLE_IDENTIFIER = com.stormwright.DailyFXFetchEngineTests;
				PRODUCT_NAME = "$(TARGET_NAME)";
				SUPPORTED_PLATFORMS = "macosx iphoneos iphonesimulator";
				SWIFT_OPTIMIZATION_LEVEL = "-Onone";
				SWIFT_VERSION = 5.0;
				TARGETED_DEVICE_FAMILY = "1,2";
			};
			name = Debug;
		};
		1B0A5C43267E921E00B88C92 /* Release */ = {
			isa = XCBuildConfiguration;
			buildSettings = {
				ALWAYS_EMBED_SWIFT_STANDARD_LIBRARIES = YES;
				CLANG_ENABLE_MODULES = YES;
				CODE_SIGN_STYLE = Automatic;
				DEVELOPMENT_TEAM = ZXQJ5A6QWW;
				INFOPLIST_FILE = DailyFXFetchEngineTests/Info.plist;
				LD_RUNPATH_SEARCH_PATHS = (
					"$(inherited)",
					"@executable_path/Frameworks",
					"@loader_path/Frameworks",
				);
				MACOSX_DEPLOYMENT_TARGET = 10.15;
				PRODUCT_BUNDLE_IDENTIFIER = com.stormwright.DailyFXFetchEngineTests;
				PRODUCT_NAME = "$(TARGET_NAME)";
				SUPPORTED_PLATFORMS = "macosx iphoneos iphonesimulator";
				SWIFT_VERSION = 5.0;
				TARGETED_DEVICE_FAMILY = "1,2";
			};
			name = Release;
		};
/* End XCBuildConfiguration section */

/* Begin XCConfigurationList section */
		1B0A5C24267E921E00B88C92 /* Build configuration list for PBXProject "DailyFXFetchEngine" */ = {
			isa = XCConfigurationList;
			buildConfigurations = (
				1B0A5C3C267E921E00B88C92 /* Debug */,
				1B0A5C3D267E921E00B88C92 /* Release */,
			);
			defaultConfigurationIsVisible = 0;
			defaultConfigurationName = Release;
		};
		1B0A5C3E267E921E00B88C92 /* Build configuration list for PBXNativeTarget "DailyFXFetchEngine" */ = {
			isa = XCConfigurationList;
			buildConfigurations = (
				1B0A5C3F267E921E00B88C92 /* Debug */,
				1B0A5C40267E921E00B88C92 /* Release */,
			);
			defaultConfigurationIsVisible = 0;
			defaultConfigurationName = Release;
		};
		1B0A5C41267E921E00B88C92 /* Build configuration list for PBXNativeTarget "DailyFXFetchEngineTests" */ = {
			isa = XCConfigurationList;
			buildConfigurations = (
				1B0A5C42267E921E00B88C92 /* Debug */,
				1B0A5C43267E921E00B88C92 /* Release */,
			);
			defaultConfigurationIsVisible = 0;
			defaultConfigurationName = Release;
		};
/* End XCConfigurationList section */
	};
	rootObject = 1B0A5C21267E921E00B88C92 /* Project object */;
}
